# THIS IS AN AUTOGENERATED FILE. DO NOT EDIT THIS FILE DIRECTLY.
# yarn lockfile v1


lightbox2@^2.11.0:
  version "2.11.0"
  resolved "https://registry.yarnpkg.com/lightbox2/-/lightbox2-2.11.0.tgz#fe3df40010a732a680296f6f554360f06e0f3bfa"
  integrity sha512-ABzZ96qKu1KqzVAwrmkXwoW7GWOsR9vLTr7i9UIj36T01euVivDPrGuBl51ZK1UskmdqEkOYKqoYX6pqxBL6Zg==
